
Microsoft Visual Studio Solution File, Format Version 11.00
# Visual Studio 2010
Project("{FAE04EC0-301F-11D3-BF4B-00C04F79EFBC}") = "Fant", "Fant\Fant.csproj", "{C96EC036-40D3-4DBA-812A-BBFCCCBB7DEE}"
EndProject
Project("{54435603-DBB4-11D2-8724-00A0C9A8B90C}") = "FantSetup", "FantSetup\FantSetup.vdproj", "{2C98EB16-A415-4498-B8AC-24B08AABB205}"
EndProject
Global
	GlobalSection(SolutionConfigurationPlatforms) = preSolution
		Debug|x86 = Debug|x86
		Release|x86 = Release|x86
	EndGlobalSection
	GlobalSection(ProjectConfigurationPlatforms) = postSolution
		{C96EC036-40D3-4DBA-812A-BBFCCCBB7DEE}.Debug|x86.ActiveCfg = Debug|x86
		{C96EC036-40D3-4DBA-812A-BBFCCCBB7DEE}.Debug|x86.Build.0 = Debug|x86
		{C96EC036-40D3-4DBA-812A-BBFCCCBB7DEE}.Release|x86.ActiveCfg = Release|x86
		{C96EC036-40D3-4DBA-812A-BBFCCCBB7DEE}.Release|x86.Build.0 = Release|x86
		{2C98EB16-A415-4498-B8AC-24B08AABB205}.Debug|x86.ActiveCfg = Debug
		{2C98EB16-A415-4498-B8AC-24B08AABB205}.Release|x86.ActiveCfg = Release
	EndGlobalSection
	GlobalSection(SolutionProperties) = preSolution
		HideSolutionNode = FALSE
	EndGlobalSection
EndGlobal
